
Microsoft Visual Studio Solution File, Format Version 11.00
# Visual Studio 2010
Project("{FAE04EC0-301F-11D3-BF4B-00C04F79EFBC}") = "cost estimating", "cost estimating\cost estimating.csproj", "{5678DB2B-2720-42CB-8E80-A939256B04F5}"
EndProject
Global
	GlobalSection(SolutionConfigurationPlatforms) = preSolution
		Debug|x86 = Debug|x86
		Release|x86 = Release|x86
	EndGlobalSection
	GlobalSection(ProjectConfigurationPlatforms) = postSolution
		{5678DB2B-2720-42CB-8E80-A939256B04F5}.Debug|x86.ActiveCfg = Debug|x86
		{5678DB2B-2720-42CB-8E80-A939256B04F5}.Debug|x86.Build.0 = Debug|x86
		{5678DB2B-2720-42CB-8E80-A939256B04F5}.Release|x86.ActiveCfg = Release|x86
		{5678DB2B-2720-42CB-8E80-A939256B04F5}.Release|x86.Build.0 = Release|x86
	EndGlobalSection
	GlobalSection(SolutionProperties) = preSolution
		HideSolutionNode = FALSE
	EndGlobalSection
EndGlobal
